{
  "name": "people-name-coding-test-by-alejo86a",
  "version": "1.0.0",
  "lockfileVersion": 2,
  "requires": true,
  "packages": {
    "": {
      "name": "people-name-coding-test-by-alejo86a",
      "version": "1.0.0",
      "license": "ISC",
      "dependencies": {
        "event-stream": "^4.0.1"
      }
    },
    "node_modules/duplexer": {
      "version": "0.1.2",
      "license": "MIT"
    },
    "node_modules/event-stream": {
      "version": "4.0.1",
      "license": "MIT",
      "dependencies": {
        "duplexer": "^0.1.1",
        "from": "^0.1.7",
        "map-stream": "0.0.7",
        "pause-stream": "^0.0.11",
        "split": "^1.0.1",
        "stream-combiner": "^0.2.2",
        "through": "^2.3.8"
      }
    },
    "node_modules/from": {
      "version": "0.1.7",
      "license": "MIT"
    },
    "node_modules/map-stream": {
      "version": "0.0.7",
      "license": "MIT"
    },
    "node_modules/pause-stream": {
      "version": "0.0.11",
      "license": [
        "MIT",
        "Apache2"
      ],
      "dependencies": {
        "through": "~2.3"
      }
    },
    "node_modules/split": {
      "version": "1.0.1",
      "license": "MIT",
      "dependencies": {
        "through": "2"
      },
      "engines": {
        "node": "*"
      }
    },
    "node_modules/stream-combiner": {
      "version": "0.2.2",
      "license": "MIT",
      "dependencies": {
        "duplexer": "~0.1.1",
        "through": "~2.3.4"
      }
    },
    "node_modules/through": {
      "version": "2.3.8",
      "license": "MIT"
    }
  },
  "dependencies": {
    "duplexer": {
      "version": "0.1.2"
    },
    "event-stream": {
      "version": "4.0.1",
      "requires": {
        "duplexer": "^0.1.1",
        "from": "^0.1.7",
        "map-stream": "0.0.7",
        "pause-stream": "^0.0.11",
        "split": "^1.0.1",
        "stream-combiner": "^0.2.2",
        "through": "^2.3.8"
      }
    },
    "from": {
      "version": "0.1.7"
    },
    "map-stream": {
      "version": "0.0.7"
    },
    "pause-stream": {
      "version": "0.0.11",
      "requires": {
        "through": "~2.3"
      }
    },
    "split": {
      "version": "1.0.1",
      "requires": {
        "through": "2"
      }
    },
    "stream-combiner": {
      "version": "0.2.2",
      "requires": {
        "duplexer": "~0.1.1",
        "through": "~2.3.4"
      }
    },
    "through": {
      "version": "2.3.8"
    }
  }
}
